{
  "name": "@thecueroom/functions",
  "lockfileVersion": 3,
  "requires": true,
  "packages": {
    "": {
      "name": "@thecueroom/functions",
      "dependencies": {
        "@thecueroom/db": "file:../packages/db",
        "@thecueroom/schemas": "file:../packages/schemas",
        "@thecueroom/ui": "file:../packages/ui"
      },
      "devDependencies": {
        "typescript": "5.4.5"
      }
    },
    "../packages/db": {
      "name": "@thecueroom/db",
      "dependencies": {
        "drizzle-orm": "0.29.4",
        "pg": "8.11.1"
      },
      "devDependencies": {
        "drizzle-kit": "0.20.14",
        "typescript": "5.4.5"
      }
    },
    "../packages/schemas": {
      "name": "@thecueroom/schemas",
      "dependencies": {
        "zod": "3.22.4"
      },
      "devDependencies": {
        "typescript": "5.4.5"
      }
    },
    "../packages/ui": {
      "name": "@thecueroom/ui",
      "dependencies": {
        "@thecueroom/schemas": "file:../schemas"
      },
      "devDependencies": {
        "typescript": "5.4.5"
      }
    },
    "node_modules/@thecueroom/db": {
      "resolved": "../packages/db",
      "link": true
    },
    "node_modules/@thecueroom/schemas": {
      "resolved": "../packages/schemas",
      "link": true
    },
    "node_modules/@thecueroom/ui": {
      "resolved": "../packages/ui",
      "link": true
    },
    "node_modules/typescript": {
      "version": "5.4.5",
      "resolved": "https://registry.npmjs.org/typescript/-/typescript-5.4.5.tgz",
      "integrity": "sha512-vcI4UpRgg81oIRUFwR0WSIHKt11nJ7SAVlYNIu+QpqeyXP+gpQJy/Z4+F0aGxSE4MqwjyXvW/TzgkLAx2AGHwQ==",
      "dev": true,
      "license": "Apache-2.0",
      "bin": {
        "tsc": "bin/tsc",
        "tsserver": "bin/tsserver"
      },
      "engines": {
        "node": ">=14.17"
      }
    }
  }
}
